// !$*UTF8*$!
{
	archiveVersion = 1;
	classes = {
	};
	objectVersion = 46;
	objects = {

/* Begin PBXBuildFile section */
		52E62C091E53AC8900673BE3 /* main.swift in Sources */ = {isa = PBXBuildFile; fileRef = 52E62C081E53AC8900673BE3 /* main.swift */; };
		52E62C371E53ADCF00673BE3 /* libAdaptiveCards.ObjectModel.a in Frameworks */ = {isa = PBXBuildFile; fileRef = 52E62C361E53ADCF00673BE3 /* libAdaptiveCards.ObjectModel.a */; settings = {ATTRIBUTES = (Required, ); }; };
		52E62C3B1E53AFFE00673BE3 /* TextBlock.cpp in Sources */ = {isa = PBXBuildFile; fileRef = 52E62C391E53AFFE00673BE3 /* TextBlock.cpp */; };
		52E62C3C1E53B50700673BE3 /* TextBlock.hpp in Sources */ = {isa = PBXBuildFile; fileRef = 52E62C3A1E53AFFE00673BE3 /* TextBlock.hpp */; };
/* End PBXBuildFile section */

/* Begin PBXCopyFilesBuildPhase section */
		52E62C031E53AC8900673BE3 /* CopyFiles */ = {
			isa = PBXCopyFilesBuildPhase;
			buildActionMask = 2147483647;
			dstPath = /usr/share/man/man1/;
			dstSubfolderSpec = 0;
			files = (
			);
			runOnlyForDeploymentPostprocessing = 1;
		};
/* End PBXCopyFilesBuildPhase section */

/* Begin PBXFileReference section */
		52E62C051E53AC8900673BE3 /* AdaptiveCards.Test */ = {isa = PBXFileReference; explicitFileType = "compiled.mach-o.executable"; includeInIndex = 0; path = AdaptiveCards.Test; sourceTree = BUILT_PRODUCTS_DIR; };
		52E62C081E53AC8900673BE3 /* main.swift */ = {isa = PBXFileReference; lastKnownFileType = sourcecode.swift; path = main.swift; sourceTree = "<group>"; };
		52E62C361E53ADCF00673BE3 /* libAdaptiveCards.ObjectModel.a */ = {isa = PBXFileReference; lastKnownFileType = archive.ar; name = libAdaptiveCards.ObjectModel.a; path = ../AdaptiveCards.ObjectModel/build/Debug/libAdaptiveCards.ObjectModel.a; sourceTree = "<group>"; };
		52E62C391E53AFFE00673BE3 /* TextBlock.cpp */ = {isa = PBXFileReference; fileEncoding = 4; lastKnownFileType = sourcecode.cpp.cpp; path = TextBlock.cpp; sourceTree = "<group>"; };
		52E62C3A1E53AFFE00673BE3 /* TextBlock.hpp */ = {isa = PBXFileReference; fileEncoding = 4; lastKnownFileType = sourcecode.cpp.h; path = TextBlock.hpp; sourceTree = "<group>"; };
		52E62C411E55197F00673BE3 /* AdaptiveCards.Test-Bridging-Header.h */ = {isa = PBXFileReference; fileEncoding = 4; lastKnownFileType = sourcecode.c.h; path = "AdaptiveCards.Test-Bridging-Header.h"; sourceTree = "<group>"; };
/* End PBXFileReference section */

/* Begin PBXFrameworksBuildPhase section */
		52E62C021E53AC8900673BE3 /* Frameworks */ = {
			isa = PBXFrameworksBuildPhase;
			buildActionMask = 2147483647;
			files = (
				52E62C371E53ADCF00673BE3 /* libAdaptiveCards.ObjectModel.a in Frameworks */,
			);
			runOnlyForDeploymentPostprocessing = 0;
		};
/* End PBXFrameworksBuildPhase section */

/* Begin PBXGroup section */
		52E62BFC1E53AC8900673BE3 = {
			isa = PBXGroup;
			children = (
				52E62C071E53AC8900673BE3 /* AdaptiveCards.Test */,
				52E62C061E53AC8900673BE3 /* Products */,
				52E62C351E53ADCF00673BE3 /* Frameworks */,
			);
			sourceTree = "<group>";
		};
		52E62C061E53AC8900673BE3 /* Products */ = {
			isa = PBXGroup;
			children = (
				52E62C051E53AC8900673BE3 /* AdaptiveCards.Test */,
			);
			name = Products;
			sourceTree = "<group>";
		};
		52E62C071E53AC8900673BE3 /* AdaptiveCards.Test */ = {
			isa = PBXGroup;
			children = (
				52E62C411E55197F00673BE3 /* AdaptiveCards.Test-Bridging-Header.h */,
				52E62C081E53AC8900673BE3 /* main.swift */,
				52E62C391E53AFFE00673BE3 /* TextBlock.cpp */,
				52E62C3A1E53AFFE00673BE3 /* TextBlock.hpp */,
			);
			path = AdaptiveCards.Test;
			sourceTree = "<group>";
		};
		52E62C351E53ADCF00673BE3 /* Frameworks */ = {
			isa = PBXGroup;
			children = (
				52E62C361E53ADCF00673BE3 /* libAdaptiveCards.ObjectModel.a */,
			);
			name = Frameworks;
			sourceTree = "<group>";
		};
/* End PBXGroup section */

/* Begin PBXNativeTarget section */
		52E62C041E53AC8900673BE3 /* AdaptiveCards.Test */ = {
			isa = PBXNativeTarget;
			buildConfigurationList = 52E62C0C1E53AC8900673BE3 /* Build configuration list for PBXNativeTarget "AdaptiveCards.Test" */;
			buildPhases = (
				52E62C011E53AC8900673BE3 /* Sources */,
				52E62C021E53AC8900673BE3 /* Frameworks */,
				52E62C031E53AC8900673BE3 /* CopyFiles */,
			);
			buildRules = (
			);
			dependencies = (
			);
			name = AdaptiveCards.Test;
			productName = AdaptiveCards.Test;
			productReference = 52E62C051E53AC8900673BE3 /* AdaptiveCards.Test */;
			productType = "com.apple.product-type.tool";
		};
/* End PBXNativeTarget section */

/* Begin PBXProject section */
		52E62BFD1E53AC8900673BE3 /* Project object */ = {
			isa = PBXProject;
			attributes = {
				LastSwiftUpdateCheck = 0820;
				LastUpgradeCheck = 0820;
				ORGANIZATIONNAME = Microsoft;
				TargetAttributes = {
					52E62C041E53AC8900673BE3 = {
						CreatedOnToolsVersion = 8.2.1;
						LastSwiftMigration = 0820;
						ProvisioningStyle = Automatic;
					};
				};
			};
			buildConfigurationList = 52E62C001E53AC8900673BE3 /* Build configuration list for PBXProject "AdaptiveCards.Test" */;
			compatibilityVersion = "Xcode 3.2";
			developmentRegion = English;
			hasScannedForEncodings = 0;
			knownRegions = (
				en,
			);
			mainGroup = 52E62BFC1E53AC8900673BE3;
			productRefGroup = 52E62C061E53AC8900673BE3 /* Products */;
			projectDirPath = "";
			projectRoot = "";
			targets = (
				52E62C041E53AC8900673BE3 /* AdaptiveCards.Test */,
			);
		};
/* End PBXProject section */

/* Begin PBXSourcesBuildPhase section */
		52E62C011E53AC8900673BE3 /* Sources */ = {
			isa = PBXSourcesBuildPhase;
			buildActionMask = 2147483647;
			files = (
				52E62C3C1E53B50700673BE3 /* TextBlock.hpp in Sources */,
				52E62C3B1E53AFFE00673BE3 /* TextBlock.cpp in Sources */,
				52E62C091E53AC8900673BE3 /* main.swift in Sources */,
			);
			runOnlyForDeploymentPostprocessing = 0;
		};
/* End PBXSourcesBuildPhase section */

/* Begin XCBuildConfiguration section */
		52E62C0A1E53AC8900673BE3 /* Debug */ = {
			isa = XCBuildConfiguration;
			buildSettings = {
				ALWAYS_SEARCH_USER_PATHS = NO;
				CLANG_ANALYZER_NONNULL = YES;
				CLANG_CXX_LANGUAGE_STANDARD = "gnu++0x";
				CLANG_CXX_LIBRARY = "libc++";
				CLANG_ENABLE_MODULES = YES;
				CLANG_ENABLE_OBJC_ARC = YES;
				CLANG_WARN_BOOL_CONVERSION = YES;
				CLANG_WARN_CONSTANT_CONVERSION = YES;
				CLANG_WARN_DIRECT_OBJC_ISA_USAGE = YES_ERROR;
				CLANG_WARN_DOCUMENTATION_COMMENTS = YES;
				CLANG_WARN_EMPTY_BODY = YES;
				CLANG_WARN_ENUM_CONVERSION = YES;
				CLANG_WARN_INFINITE_RECURSION = YES;
				CLANG_WARN_INT_CONVERSION = YES;
				CLANG_WARN_OBJC_ROOT_CLASS = YES_ERROR;
				CLANG_WARN_SUSPICIOUS_MOVE = YES;
				CLANG_WARN_UNREACHABLE_CODE = YES;
				CLANG_WARN__DUPLICATE_METHOD_MATCH = YES;
				CODE_SIGN_IDENTITY = "-";
				COPY_PHASE_STRIP = NO;
				DEBUG_INFORMATION_FORMAT = dwarf;
				ENABLE_STRICT_OBJC_MSGSEND = YES;
				ENABLE_TESTABILITY = YES;
				GCC_C_LANGUAGE_STANDARD = gnu99;
				GCC_DYNAMIC_NO_PIC = NO;
				GCC_NO_COMMON_BLOCKS = YES;
				GCC_OPTIMIZATION_LEVEL = 0;
				GCC_PREPROCESSOR_DEFINITIONS = (
					"DEBUG=1",
					"$(inherited)",
				);
				GCC_WARN_64_TO_32_BIT_CONVERSION = YES;
				GCC_WARN_ABOUT_RETURN_TYPE = YES_ERROR;
				GCC_WARN_UNDECLARED_SELECTOR = YES;
				GCC_WARN_UNINITIALIZED_AUTOS = YES_AGGRESSIVE;
				GCC_WARN_UNUSED_FUNCTION = YES;
				GCC_WARN_UNUSED_VARIABLE = YES;
				MACOSX_DEPLOYMENT_TARGET = 10.11;
				MTL_ENABLE_DEBUG_INFO = YES;
				ONLY_ACTIVE_ARCH = YES;
				SDKROOT = macosx;
				SWIFT_OPTIMIZATION_LEVEL = "-Onone";
			};
			name = Debug;
		};
		52E62C0B1E53AC8900673BE3 /* Release */ = {
			isa = XCBuildConfiguration;
			buildSettings = {
				ALWAYS_SEARCH_USER_PATHS = NO;
				CLANG_ANALYZER_NONNULL = YES;
				CLANG_CXX_LANGUAGE_STANDARD = "gnu++0x";
				CLANG_CXX_LIBRARY = "libc++";
				CLANG_ENABLE_MODULES = YES;
				CLANG_ENABLE_OBJC_ARC = YES;
				CLANG_WARN_BOOL_CONVERSION = YES;
				CLANG_WARN_CONSTANT_CONVERSION = YES;
				CLANG_WARN_DIRECT_OBJC_ISA_USAGE = YES_ERROR;
				CLANG_WARN_DOCUMENTATION_COMMENTS = YES;
				CLANG_WARN_EMPTY_BODY = YES;
				CLANG_WARN_ENUM_CONVERSION = YES;
				CLANG_WARN_INFINITE_RECURSION = YES;
				CLANG_WARN_INT_CONVERSION = YES;
				CLANG_WARN_OBJC_ROOT_CLASS = YES_ERROR;
				CLANG_WARN_SUSPICIOUS_MOVE = YES;
				CLANG_WARN_UNREACHABLE_CODE = YES;
				CLANG_WARN__DUPLICATE_METHOD_MATCH = YES;
				CODE_SIGN_IDENTITY = "-";
				COPY_PHASE_STRIP = NO;
				DEBUG_INFORMATION_FORMAT = "dwarf-with-dsym";
				ENABLE_NS_ASSERTIONS = NO;
				ENABLE_STRICT_OBJC_MSGSEND = YES;
				GCC_C_LANGUAGE_STANDARD = gnu99;
				GCC_NO_COMMON_BLOCKS = YES;
				GCC_WARN_64_TO_32_BIT_CONVERSION = YES;
				GCC_WARN_ABOUT_RETURN_TYPE = YES_ERROR;
				GCC_WARN_UNDECLARED_SELECTOR = YES;
				GCC_WARN_UNINITIALIZED_AUTOS = YES_AGGRESSIVE;
				GCC_WARN_UNUSED_FUNCTION = YES;
				GCC_WARN_UNUSED_VARIABLE = YES;
				MACOSX_DEPLOYMENT_TARGET = 10.11;
				MTL_ENABLE_DEBUG_INFO = NO;
				SDKROOT = macosx;
			};
			name = Release;
		};
		52E62C0D1E53AC8900673BE3 /* Debug */ = {
			isa = XCBuildConfiguration;
			buildSettings = {
				CLANG_ENABLE_MODULES = YES;
				HEADER_SEARCH_PATHS = ../../shared/ObjectModel;
				LD_RUNPATH_SEARCH_PATHS = "$(inherited) @executable_path/../Frameworks @loader_path/../Frameworks";
				ONLY_ACTIVE_ARCH = NO;
				PRODUCT_NAME = "$(TARGET_NAME)";
				SWIFT_OBJC_BRIDGING_HEADER = "./AdaptiveCards.Test/AdaptiveCards.Test-Bridging-Header.h";
				SWIFT_OPTIMIZATION_LEVEL = "-Onone";
				SWIFT_VERSION = 3.0;
			};
			name = Debug;
		};
		52E62C0E1E53AC8900673BE3 /* Release */ = {
			isa = XCBuildConfiguration;
			buildSettings = {
				CLANG_ENABLE_MODULES = YES;
				HEADER_SEARCH_PATHS = ../../shared/ObjectModel;
				LD_RUNPATH_SEARCH_PATHS = "$(inherited) @executable_path/../Frameworks @loader_path/../Frameworks";
				ONLY_ACTIVE_ARCH = NO;
				PRODUCT_NAME = "$(TARGET_NAME)";
				SWIFT_OBJC_BRIDGING_HEADER = "./AdaptiveCards.Test/AdaptiveCards.Test-Bridging-Header.h";
				SWIFT_VERSION = 3.0;
			};
			name = Release;
		};
/* End XCBuildConfiguration section */

/* Begin XCConfigurationList section */
		52E62C001E53AC8900673BE3 /* Build configuration list for PBXProject "AdaptiveCards.Test" */ = {
			isa = XCConfigurationList;
			buildConfigurations = (
				52E62C0A1E53AC8900673BE3 /* Debug */,
				52E62C0B1E53AC8900673BE3 /* Release */,
			);
			defaultConfigurationIsVisible = 0;
			defaultConfigurationName = Release;
		};
		52E62C0C1E53AC8900673BE3 /* Build configuration list for PBXNativeTarget "AdaptiveCards.Test" */ = {
			isa = XCConfigurationList;
			buildConfigurations = (
				52E62C0D1E53AC8900673BE3 /* Debug */,
				52E62C0E1E53AC8900673BE3 /* Release */,
			);
			defaultConfigurationIsVisible = 0;
			defaultConfigurationName = Release;
		};
/* End XCConfigurationList section */
	};
	rootObject = 52E62BFD1E53AC8900673BE3 /* Project object */;
}
