// !$*UTF8*$!
{
	archiveVersion = 1;
	classes = {
	};
	objectVersion = 46;
	objects = {

/* Begin PBXBuildFile section */
		52B0650C1E66094F003FEF86 /* AdaptiveCard.cpp in Sources */ = {isa = PBXBuildFile; fileRef = 52B064F91E66094F003FEF86 /* AdaptiveCard.cpp */; };
		52B0650D1E66094F003FEF86 /* AdaptiveCard.h in Headers */ = {isa = PBXBuildFile; fileRef = 52B064FA1E66094F003FEF86 /* AdaptiveCard.h */; };
		52B0650E1E66094F003FEF86 /* AdaptiveCardParseException.cpp in Sources */ = {isa = PBXBuildFile; fileRef = 52B064FB1E66094F003FEF86 /* AdaptiveCardParseException.cpp */; };
		52B0650F1E66094F003FEF86 /* AdaptiveCardParseException.h in Headers */ = {isa = PBXBuildFile; fileRef = 52B064FC1E66094F003FEF86 /* AdaptiveCardParseException.h */; };
		52B065101E66094F003FEF86 /* BaseCardElement.cpp in Sources */ = {isa = PBXBuildFile; fileRef = 52B064FD1E66094F003FEF86 /* BaseCardElement.cpp */; };
		52B065111E66094F003FEF86 /* BaseCardElement.h in Headers */ = {isa = PBXBuildFile; fileRef = 52B064FE1E66094F003FEF86 /* BaseCardElement.h */; };
		52B065121E66094F003FEF86 /* Container.cpp in Sources */ = {isa = PBXBuildFile; fileRef = 52B064FF1E66094F003FEF86 /* Container.cpp */; };
		52B065131E66094F003FEF86 /* Container.h in Headers */ = {isa = PBXBuildFile; fileRef = 52B065001E66094F003FEF86 /* Container.h */; };
		52B065141E66094F003FEF86 /* Enums.cpp in Sources */ = {isa = PBXBuildFile; fileRef = 52B065011E66094F003FEF86 /* Enums.cpp */; };
		52B065151E66094F003FEF86 /* Enums.h in Headers */ = {isa = PBXBuildFile; fileRef = 52B065021E66094F003FEF86 /* Enums.h */; };
		52B065161E66094F003FEF86 /* Image.cpp in Sources */ = {isa = PBXBuildFile; fileRef = 52B065031E66094F003FEF86 /* Image.cpp */; };
		52B065171E66094F003FEF86 /* Image.h in Headers */ = {isa = PBXBuildFile; fileRef = 52B065041E66094F003FEF86 /* Image.h */; };
		52B065181E66094F003FEF86 /* jsoncpp.cpp in Sources */ = {isa = PBXBuildFile; fileRef = 52B065061E66094F003FEF86 /* jsoncpp.cpp */; };
		52B065191E66094F003FEF86 /* ParseUtil.cpp in Sources */ = {isa = PBXBuildFile; fileRef = 52B065071E66094F003FEF86 /* ParseUtil.cpp */; };
		52B0651A1E66094F003FEF86 /* ParseUtil.h in Headers */ = {isa = PBXBuildFile; fileRef = 52B065081E66094F003FEF86 /* ParseUtil.h */; };
		52B0651B1E66094F003FEF86 /* pch.h in Headers */ = {isa = PBXBuildFile; fileRef = 52B065091E66094F003FEF86 /* pch.h */; };
		52B0651C1E66094F003FEF86 /* TextBlock.cpp in Sources */ = {isa = PBXBuildFile; fileRef = 52B0650A1E66094F003FEF86 /* TextBlock.cpp */; };
		52B0651D1E66094F003FEF86 /* TextBlock.h in Headers */ = {isa = PBXBuildFile; fileRef = 52B0650B1E66094F003FEF86 /* TextBlock.h */; };
/* End PBXBuildFile section */

/* Begin PBXFileReference section */
		52B064F91E66094F003FEF86 /* AdaptiveCard.cpp */ = {isa = PBXFileReference; fileEncoding = 4; lastKnownFileType = sourcecode.cpp.cpp; name = AdaptiveCard.cpp; path = ../../../Shared/ObjectModel/AdaptiveCard.cpp; sourceTree = "<group>"; };
		52B064FA1E66094F003FEF86 /* AdaptiveCard.h */ = {isa = PBXFileReference; fileEncoding = 4; lastKnownFileType = sourcecode.c.h; name = AdaptiveCard.h; path = ../../../Shared/ObjectModel/AdaptiveCard.h; sourceTree = "<group>"; };
		52B064FB1E66094F003FEF86 /* AdaptiveCardParseException.cpp */ = {isa = PBXFileReference; fileEncoding = 4; lastKnownFileType = sourcecode.cpp.cpp; name = AdaptiveCardParseException.cpp; path = ../../../Shared/ObjectModel/AdaptiveCardParseException.cpp; sourceTree = "<group>"; };
		52B064FC1E66094F003FEF86 /* AdaptiveCardParseException.h */ = {isa = PBXFileReference; fileEncoding = 4; lastKnownFileType = sourcecode.c.h; name = AdaptiveCardParseException.h; path = ../../../Shared/ObjectModel/AdaptiveCardParseException.h; sourceTree = "<group>"; };
		52B064FD1E66094F003FEF86 /* BaseCardElement.cpp */ = {isa = PBXFileReference; fileEncoding = 4; lastKnownFileType = sourcecode.cpp.cpp; name = BaseCardElement.cpp; path = ../../../Shared/ObjectModel/BaseCardElement.cpp; sourceTree = "<group>"; };
		52B064FE1E66094F003FEF86 /* BaseCardElement.h */ = {isa = PBXFileReference; fileEncoding = 4; lastKnownFileType = sourcecode.c.h; name = BaseCardElement.h; path = ../../../Shared/ObjectModel/BaseCardElement.h; sourceTree = "<group>"; };
		52B064FF1E66094F003FEF86 /* Container.cpp */ = {isa = PBXFileReference; fileEncoding = 4; lastKnownFileType = sourcecode.cpp.cpp; name = Container.cpp; path = ../../../Shared/ObjectModel/Container.cpp; sourceTree = "<group>"; };
		52B065001E66094F003FEF86 /* Container.h */ = {isa = PBXFileReference; fileEncoding = 4; lastKnownFileType = sourcecode.c.h; name = Container.h; path = ../../../Shared/ObjectModel/Container.h; sourceTree = "<group>"; };
		52B065011E66094F003FEF86 /* Enums.cpp */ = {isa = PBXFileReference; fileEncoding = 4; lastKnownFileType = sourcecode.cpp.cpp; name = Enums.cpp; path = ../../../Shared/ObjectModel/Enums.cpp; sourceTree = "<group>"; };
		52B065021E66094F003FEF86 /* Enums.h */ = {isa = PBXFileReference; fileEncoding = 4; lastKnownFileType = sourcecode.c.h; name = Enums.h; path = ../../../Shared/ObjectModel/Enums.h; sourceTree = "<group>"; };
		52B065031E66094F003FEF86 /* Image.cpp */ = {isa = PBXFileReference; fileEncoding = 4; lastKnownFileType = sourcecode.cpp.cpp; name = Image.cpp; path = ../../../Shared/ObjectModel/Image.cpp; sourceTree = "<group>"; };
		52B065041E66094F003FEF86 /* Image.h */ = {isa = PBXFileReference; fileEncoding = 4; lastKnownFileType = sourcecode.c.h; name = Image.h; path = ../../../Shared/ObjectModel/Image.h; sourceTree = "<group>"; };
		52B065051E66094F003FEF86 /* json */ = {isa = PBXFileReference; lastKnownFileType = folder; name = json; path = ../../../Shared/ObjectModel/json; sourceTree = "<group>"; };
		52B065061E66094F003FEF86 /* jsoncpp.cpp */ = {isa = PBXFileReference; fileEncoding = 4; lastKnownFileType = sourcecode.cpp.cpp; name = jsoncpp.cpp; path = ../../../Shared/ObjectModel/jsoncpp.cpp; sourceTree = "<group>"; };
		52B065071E66094F003FEF86 /* ParseUtil.cpp */ = {isa = PBXFileReference; fileEncoding = 4; lastKnownFileType = sourcecode.cpp.cpp; name = ParseUtil.cpp; path = ../../../Shared/ObjectModel/ParseUtil.cpp; sourceTree = "<group>"; };
		52B065081E66094F003FEF86 /* ParseUtil.h */ = {isa = PBXFileReference; fileEncoding = 4; lastKnownFileType = sourcecode.c.h; name = ParseUtil.h; path = ../../../Shared/ObjectModel/ParseUtil.h; sourceTree = "<group>"; };
		52B065091E66094F003FEF86 /* pch.h */ = {isa = PBXFileReference; fileEncoding = 4; lastKnownFileType = sourcecode.c.h; name = pch.h; path = ../../../Shared/ObjectModel/pch.h; sourceTree = "<group>"; };
		52B0650A1E66094F003FEF86 /* TextBlock.cpp */ = {isa = PBXFileReference; fileEncoding = 4; lastKnownFileType = sourcecode.cpp.cpp; name = TextBlock.cpp; path = ../../../Shared/ObjectModel/TextBlock.cpp; sourceTree = "<group>"; };
		52B0650B1E66094F003FEF86 /* TextBlock.h */ = {isa = PBXFileReference; fileEncoding = 4; lastKnownFileType = sourcecode.c.h; name = TextBlock.h; path = ../../../Shared/ObjectModel/TextBlock.h; sourceTree = "<group>"; };
		52E62BD51E53ABAD00673BE3 /* libAdaptiveCards.ObjectModel.a */ = {isa = PBXFileReference; explicitFileType = archive.ar; includeInIndex = 0; path = libAdaptiveCards.ObjectModel.a; sourceTree = BUILT_PRODUCTS_DIR; };
/* End PBXFileReference section */

/* Begin PBXFrameworksBuildPhase section */
		52E62BD21E53ABAD00673BE3 /* Frameworks */ = {
			isa = PBXFrameworksBuildPhase;
			buildActionMask = 2147483647;
			files = (
			);
			runOnlyForDeploymentPostprocessing = 0;
		};
/* End PBXFrameworksBuildPhase section */

/* Begin PBXGroup section */
		52E62BCC1E53ABAD00673BE3 = {
			isa = PBXGroup;
			children = (
				52E62BD71E53ABAD00673BE3 /* AdaptiveCards.ObjectModel */,
				52E62BD61E53ABAD00673BE3 /* Products */,
			);
			sourceTree = "<group>";
		};
		52E62BD61E53ABAD00673BE3 /* Products */ = {
			isa = PBXGroup;
			children = (
				52E62BD51E53ABAD00673BE3 /* libAdaptiveCards.ObjectModel.a */,
			);
			name = Products;
			sourceTree = "<group>";
		};
		52E62BD71E53ABAD00673BE3 /* AdaptiveCards.ObjectModel */ = {
			isa = PBXGroup;
			children = (
				52B064F91E66094F003FEF86 /* AdaptiveCard.cpp */,
				52B064FA1E66094F003FEF86 /* AdaptiveCard.h */,
				52B064FB1E66094F003FEF86 /* AdaptiveCardParseException.cpp */,
				52B064FC1E66094F003FEF86 /* AdaptiveCardParseException.h */,
				52B064FD1E66094F003FEF86 /* BaseCardElement.cpp */,
				52B064FE1E66094F003FEF86 /* BaseCardElement.h */,
				52B064FF1E66094F003FEF86 /* Container.cpp */,
				52B065001E66094F003FEF86 /* Container.h */,
				52B065011E66094F003FEF86 /* Enums.cpp */,
				52B065021E66094F003FEF86 /* Enums.h */,
				52B065031E66094F003FEF86 /* Image.cpp */,
				52B065041E66094F003FEF86 /* Image.h */,
				52B065051E66094F003FEF86 /* json */,
				52B065061E66094F003FEF86 /* jsoncpp.cpp */,
				52B065071E66094F003FEF86 /* ParseUtil.cpp */,
				52B065081E66094F003FEF86 /* ParseUtil.h */,
				52B065091E66094F003FEF86 /* pch.h */,
				52B0650A1E66094F003FEF86 /* TextBlock.cpp */,
				52B0650B1E66094F003FEF86 /* TextBlock.h */,
			);
			path = AdaptiveCards.ObjectModel;
			sourceTree = "<group>";
		};
/* End PBXGroup section */

/* Begin PBXHeadersBuildPhase section */
		52E62BD31E53ABAD00673BE3 /* Headers */ = {
			isa = PBXHeadersBuildPhase;
			buildActionMask = 2147483647;
			files = (
				52B065171E66094F003FEF86 /* Image.h in Headers */,
				52B065131E66094F003FEF86 /* Container.h in Headers */,
				52B0650F1E66094F003FEF86 /* AdaptiveCardParseException.h in Headers */,
				52B065111E66094F003FEF86 /* BaseCardElement.h in Headers */,
				52B0651D1E66094F003FEF86 /* TextBlock.h in Headers */,
				52B0650D1E66094F003FEF86 /* AdaptiveCard.h in Headers */,
				52B0651A1E66094F003FEF86 /* ParseUtil.h in Headers */,
				52B0651B1E66094F003FEF86 /* pch.h in Headers */,
				52B065151E66094F003FEF86 /* Enums.h in Headers */,
			);
			runOnlyForDeploymentPostprocessing = 0;
		};
/* End PBXHeadersBuildPhase section */

/* Begin PBXNativeTarget section */
		52E62BD41E53ABAD00673BE3 /* AdaptiveCards.ObjectModel */ = {
			isa = PBXNativeTarget;
			buildConfigurationList = 52E62BE01E53ABAD00673BE3 /* Build configuration list for PBXNativeTarget "AdaptiveCards.ObjectModel" */;
			buildPhases = (
				52E62BD11E53ABAD00673BE3 /* Sources */,
				52E62BD21E53ABAD00673BE3 /* Frameworks */,
				52E62BD31E53ABAD00673BE3 /* Headers */,
			);
			buildRules = (
			);
			dependencies = (
			);
			name = AdaptiveCards.ObjectModel;
			productName = AdaptiveCards.ObjectModel;
			productReference = 52E62BD51E53ABAD00673BE3 /* libAdaptiveCards.ObjectModel.a */;
			productType = "com.apple.product-type.library.static";
		};
/* End PBXNativeTarget section */

/* Begin PBXProject section */
		52E62BCD1E53ABAD00673BE3 /* Project object */ = {
			isa = PBXProject;
			attributes = {
				LastUpgradeCheck = 0820;
				ORGANIZATIONNAME = Microsoft;
				TargetAttributes = {
					52E62BD41E53ABAD00673BE3 = {
						CreatedOnToolsVersion = 8.2.1;
						ProvisioningStyle = Automatic;
					};
				};
			};
			buildConfigurationList = 52E62BD01E53ABAD00673BE3 /* Build configuration list for PBXProject "AdaptiveCards.ObjectModel" */;
			compatibilityVersion = "Xcode 3.2";
			developmentRegion = English;
			hasScannedForEncodings = 0;
			knownRegions = (
				en,
			);
			mainGroup = 52E62BCC1E53ABAD00673BE3;
			productRefGroup = 52E62BD61E53ABAD00673BE3 /* Products */;
			projectDirPath = "";
			projectRoot = "";
			targets = (
				52E62BD41E53ABAD00673BE3 /* AdaptiveCards.ObjectModel */,
			);
		};
/* End PBXProject section */

/* Begin PBXSourcesBuildPhase section */
		52E62BD11E53ABAD00673BE3 /* Sources */ = {
			isa = PBXSourcesBuildPhase;
			buildActionMask = 2147483647;
			files = (
				52B0650C1E66094F003FEF86 /* AdaptiveCard.cpp in Sources */,
				52B065121E66094F003FEF86 /* Container.cpp in Sources */,
				52B0650E1E66094F003FEF86 /* AdaptiveCardParseException.cpp in Sources */,
				52B065161E66094F003FEF86 /* Image.cpp in Sources */,
				52B065101E66094F003FEF86 /* BaseCardElement.cpp in Sources */,
				52B065141E66094F003FEF86 /* Enums.cpp in Sources */,
				52B065181E66094F003FEF86 /* jsoncpp.cpp in Sources */,
				52B065191E66094F003FEF86 /* ParseUtil.cpp in Sources */,
				52B0651C1E66094F003FEF86 /* TextBlock.cpp in Sources */,
			);
			runOnlyForDeploymentPostprocessing = 0;
		};
/* End PBXSourcesBuildPhase section */

/* Begin XCBuildConfiguration section */
		52E62BDE1E53ABAD00673BE3 /* Debug */ = {
			isa = XCBuildConfiguration;
			buildSettings = {
				ALWAYS_SEARCH_USER_PATHS = NO;
				CLANG_ANALYZER_NONNULL = YES;
				CLANG_CXX_LANGUAGE_STANDARD = "gnu++0x";
				CLANG_CXX_LIBRARY = "libc++";
				CLANG_ENABLE_MODULES = YES;
				CLANG_ENABLE_OBJC_ARC = YES;
				CLANG_WARN_BOOL_CONVERSION = YES;
				CLANG_WARN_CONSTANT_CONVERSION = YES;
				CLANG_WARN_DIRECT_OBJC_ISA_USAGE = YES_ERROR;
				CLANG_WARN_DOCUMENTATION_COMMENTS = YES;
				CLANG_WARN_EMPTY_BODY = YES;
				CLANG_WARN_ENUM_CONVERSION = YES;
				CLANG_WARN_INFINITE_RECURSION = YES;
				CLANG_WARN_INT_CONVERSION = YES;
				CLANG_WARN_OBJC_ROOT_CLASS = YES_ERROR;
				CLANG_WARN_SUSPICIOUS_MOVE = YES;
				CLANG_WARN_UNREACHABLE_CODE = YES;
				CLANG_WARN__DUPLICATE_METHOD_MATCH = YES;
				CODE_SIGN_IDENTITY = "-";
				COPY_PHASE_STRIP = NO;
				DEBUG_INFORMATION_FORMAT = dwarf;
				ENABLE_STRICT_OBJC_MSGSEND = YES;
				ENABLE_TESTABILITY = YES;
				GCC_C_LANGUAGE_STANDARD = gnu99;
				GCC_DYNAMIC_NO_PIC = NO;
				GCC_NO_COMMON_BLOCKS = YES;
				GCC_OPTIMIZATION_LEVEL = 0;
				GCC_PREPROCESSOR_DEFINITIONS = (
					"DEBUG=1",
					"$(inherited)",
				);
				GCC_WARN_64_TO_32_BIT_CONVERSION = YES;
				GCC_WARN_ABOUT_RETURN_TYPE = YES_ERROR;
				GCC_WARN_UNDECLARED_SELECTOR = YES;
				GCC_WARN_UNINITIALIZED_AUTOS = YES_AGGRESSIVE;
				GCC_WARN_UNUSED_FUNCTION = YES;
				GCC_WARN_UNUSED_VARIABLE = YES;
				MACOSX_DEPLOYMENT_TARGET = 10.11;
				MTL_ENABLE_DEBUG_INFO = YES;
				ONLY_ACTIVE_ARCH = YES;
				SDKROOT = macosx;
			};
			name = Debug;
		};
		52E62BDF1E53ABAD00673BE3 /* Release */ = {
			isa = XCBuildConfiguration;
			buildSettings = {
				ALWAYS_SEARCH_USER_PATHS = NO;
				CLANG_ANALYZER_NONNULL = YES;
				CLANG_CXX_LANGUAGE_STANDARD = "gnu++0x";
				CLANG_CXX_LIBRARY = "libc++";
				CLANG_ENABLE_MODULES = YES;
				CLANG_ENABLE_OBJC_ARC = YES;
				CLANG_WARN_BOOL_CONVERSION = YES;
				CLANG_WARN_CONSTANT_CONVERSION = YES;
				CLANG_WARN_DIRECT_OBJC_ISA_USAGE = YES_ERROR;
				CLANG_WARN_DOCUMENTATION_COMMENTS = YES;
				CLANG_WARN_EMPTY_BODY = YES;
				CLANG_WARN_ENUM_CONVERSION = YES;
				CLANG_WARN_INFINITE_RECURSION = YES;
				CLANG_WARN_INT_CONVERSION = YES;
				CLANG_WARN_OBJC_ROOT_CLASS = YES_ERROR;
				CLANG_WARN_SUSPICIOUS_MOVE = YES;
				CLANG_WARN_UNREACHABLE_CODE = YES;
				CLANG_WARN__DUPLICATE_METHOD_MATCH = YES;
				CODE_SIGN_IDENTITY = "-";
				COPY_PHASE_STRIP = NO;
				DEBUG_INFORMATION_FORMAT = "dwarf-with-dsym";
				ENABLE_NS_ASSERTIONS = NO;
				ENABLE_STRICT_OBJC_MSGSEND = YES;
				GCC_C_LANGUAGE_STANDARD = gnu99;
				GCC_NO_COMMON_BLOCKS = YES;
				GCC_WARN_64_TO_32_BIT_CONVERSION = YES;
				GCC_WARN_ABOUT_RETURN_TYPE = YES_ERROR;
				GCC_WARN_UNDECLARED_SELECTOR = YES;
				GCC_WARN_UNINITIALIZED_AUTOS = YES_AGGRESSIVE;
				GCC_WARN_UNUSED_FUNCTION = YES;
				GCC_WARN_UNUSED_VARIABLE = YES;
				MACOSX_DEPLOYMENT_TARGET = 10.11;
				MTL_ENABLE_DEBUG_INFO = NO;
				SDKROOT = macosx;
			};
			name = Release;
		};
		52E62BE11E53ABAD00673BE3 /* Debug */ = {
			isa = XCBuildConfiguration;
			buildSettings = {
				EXECUTABLE_PREFIX = lib;
				GCC_ENABLE_CPP_EXCEPTIONS = YES;
				GCC_ENABLE_CPP_RTTI = YES;
				ONLY_ACTIVE_ARCH = NO;
				PRODUCT_NAME = "$(TARGET_NAME)";
				SUPPORTED_PLATFORMS = macosx;
			};
			name = Debug;
		};
		52E62BE21E53ABAD00673BE3 /* Release */ = {
			isa = XCBuildConfiguration;
			buildSettings = {
				EXECUTABLE_PREFIX = lib;
				GCC_ENABLE_CPP_EXCEPTIONS = YES;
				GCC_ENABLE_CPP_RTTI = YES;
				ONLY_ACTIVE_ARCH = NO;
				PRODUCT_NAME = "$(TARGET_NAME)";
				SUPPORTED_PLATFORMS = macosx;
			};
			name = Release;
		};
/* End XCBuildConfiguration section */

/* Begin XCConfigurationList section */
		52E62BD01E53ABAD00673BE3 /* Build configuration list for PBXProject "AdaptiveCards.ObjectModel" */ = {
			isa = XCConfigurationList;
			buildConfigurations = (
				52E62BDE1E53ABAD00673BE3 /* Debug */,
				52E62BDF1E53ABAD00673BE3 /* Release */,
			);
			defaultConfigurationIsVisible = 0;
			defaultConfigurationName = Release;
		};
		52E62BE01E53ABAD00673BE3 /* Build configuration list for PBXNativeTarget "AdaptiveCards.ObjectModel" */ = {
			isa = XCConfigurationList;
			buildConfigurations = (
				52E62BE11E53ABAD00673BE3 /* Debug */,
				52E62BE21E53ABAD00673BE3 /* Release */,
			);
			defaultConfigurationIsVisible = 0;
			defaultConfigurationName = Release;
		};
/* End XCConfigurationList section */
	};
	rootObject = 52E62BCD1E53ABAD00673BE3 /* Project object */;
}
