// !$*UTF8*$!
{
	archiveVersion = 1;
	classes = {
	};
	objectVersion = 46;
	objects = {

/* Begin PBXBuildFile section */
		52B064A71E65FD70003FEF86 /* support_lib.h in Headers */ = {isa = PBXBuildFile; fileRef = 52B064A61E65FD70003FEF86 /* support_lib.h */; };
		52B064A91E65FD70003FEF86 /* support_lib.m in Sources */ = {isa = PBXBuildFile; fileRef = 52B064A81E65FD70003FEF86 /* support_lib.m */; };
		52B064B91E65FD9E003FEF86 /* djinni_common.hpp in Headers */ = {isa = PBXBuildFile; fileRef = 52B064B51E65FD9E003FEF86 /* djinni_common.hpp */; };
		52B064BA1E65FD9E003FEF86 /* proxy_cache_impl.hpp in Headers */ = {isa = PBXBuildFile; fileRef = 52B064B71E65FD9E003FEF86 /* proxy_cache_impl.hpp */; };
		52B064BB1E65FD9E003FEF86 /* proxy_cache_interface.hpp in Headers */ = {isa = PBXBuildFile; fileRef = 52B064B81E65FD9E003FEF86 /* proxy_cache_interface.hpp */; };
/* End PBXBuildFile section */

/* Begin PBXFileReference section */
		52B064A31E65FD70003FEF86 /* libsupport-lib.a */ = {isa = PBXFileReference; explicitFileType = archive.ar; includeInIndex = 0; path = "libsupport-lib.a"; sourceTree = BUILT_PRODUCTS_DIR; };
		52B064A61E65FD70003FEF86 /* support_lib.h */ = {isa = PBXFileReference; lastKnownFileType = sourcecode.c.h; path = support_lib.h; sourceTree = "<group>"; };
		52B064A81E65FD70003FEF86 /* support_lib.m */ = {isa = PBXFileReference; lastKnownFileType = sourcecode.c.objc; path = support_lib.m; sourceTree = "<group>"; };
		52B064B51E65FD9E003FEF86 /* djinni_common.hpp */ = {isa = PBXFileReference; fileEncoding = 4; lastKnownFileType = sourcecode.cpp.h; path = djinni_common.hpp; sourceTree = "<group>"; };
		52B064B61E65FD9E003FEF86 /* objc */ = {isa = PBXFileReference; lastKnownFileType = folder; path = objc; sourceTree = "<group>"; };
		52B064B71E65FD9E003FEF86 /* proxy_cache_impl.hpp */ = {isa = PBXFileReference; fileEncoding = 4; lastKnownFileType = sourcecode.cpp.h; path = proxy_cache_impl.hpp; sourceTree = "<group>"; };
		52B064B81E65FD9E003FEF86 /* proxy_cache_interface.hpp */ = {isa = PBXFileReference; fileEncoding = 4; lastKnownFileType = sourcecode.cpp.h; path = proxy_cache_interface.hpp; sourceTree = "<group>"; };
/* End PBXFileReference section */

/* Begin PBXFrameworksBuildPhase section */
		52B064A01E65FD70003FEF86 /* Frameworks */ = {
			isa = PBXFrameworksBuildPhase;
			buildActionMask = 2147483647;
			files = (
			);
			runOnlyForDeploymentPostprocessing = 0;
		};
/* End PBXFrameworksBuildPhase section */

/* Begin PBXGroup section */
		52B0649A1E65FD70003FEF86 = {
			isa = PBXGroup;
			children = (
				52B064A51E65FD70003FEF86 /* support-lib */,
				52B064A41E65FD70003FEF86 /* Products */,
			);
			sourceTree = "<group>";
		};
		52B064A41E65FD70003FEF86 /* Products */ = {
			isa = PBXGroup;
			children = (
				52B064A31E65FD70003FEF86 /* libsupport-lib.a */,
			);
			name = Products;
			sourceTree = "<group>";
		};
		52B064A51E65FD70003FEF86 /* support-lib */ = {
			isa = PBXGroup;
			children = (
				52B064B51E65FD9E003FEF86 /* djinni_common.hpp */,
				52B064B61E65FD9E003FEF86 /* objc */,
				52B064B71E65FD9E003FEF86 /* proxy_cache_impl.hpp */,
				52B064B81E65FD9E003FEF86 /* proxy_cache_interface.hpp */,
				52B064A61E65FD70003FEF86 /* support_lib.h */,
				52B064A81E65FD70003FEF86 /* support_lib.m */,
			);
			path = "support-lib";
			sourceTree = "<group>";
		};
/* End PBXGroup section */

/* Begin PBXHeadersBuildPhase section */
		52B064A11E65FD70003FEF86 /* Headers */ = {
			isa = PBXHeadersBuildPhase;
			buildActionMask = 2147483647;
			files = (
				52B064BB1E65FD9E003FEF86 /* proxy_cache_interface.hpp in Headers */,
				52B064A71E65FD70003FEF86 /* support_lib.h in Headers */,
				52B064B91E65FD9E003FEF86 /* djinni_common.hpp in Headers */,
				52B064BA1E65FD9E003FEF86 /* proxy_cache_impl.hpp in Headers */,
			);
			runOnlyForDeploymentPostprocessing = 0;
		};
/* End PBXHeadersBuildPhase section */

/* Begin PBXNativeTarget section */
		52B064A21E65FD70003FEF86 /* support-lib */ = {
			isa = PBXNativeTarget;
			buildConfigurationList = 52B064AC1E65FD70003FEF86 /* Build configuration list for PBXNativeTarget "support-lib" */;
			buildPhases = (
				52B0649F1E65FD70003FEF86 /* Sources */,
				52B064A01E65FD70003FEF86 /* Frameworks */,
				52B064A11E65FD70003FEF86 /* Headers */,
			);
			buildRules = (
			);
			dependencies = (
			);
			name = "support-lib";
			productName = "support-lib";
			productReference = 52B064A31E65FD70003FEF86 /* libsupport-lib.a */;
			productType = "com.apple.product-type.library.static";
		};
/* End PBXNativeTarget section */

/* Begin PBXProject section */
		52B0649B1E65FD70003FEF86 /* Project object */ = {
			isa = PBXProject;
			attributes = {
				LastUpgradeCheck = 0820;
				ORGANIZATIONNAME = Microsoft;
				TargetAttributes = {
					52B064A21E65FD70003FEF86 = {
						CreatedOnToolsVersion = 8.2.1;
						ProvisioningStyle = Automatic;
					};
				};
			};
			buildConfigurationList = 52B0649E1E65FD70003FEF86 /* Build configuration list for PBXProject "support-lib" */;
			compatibilityVersion = "Xcode 3.2";
			developmentRegion = English;
			hasScannedForEncodings = 0;
			knownRegions = (
				en,
			);
			mainGroup = 52B0649A1E65FD70003FEF86;
			productRefGroup = 52B064A41E65FD70003FEF86 /* Products */;
			projectDirPath = "";
			projectRoot = "";
			targets = (
				52B064A21E65FD70003FEF86 /* support-lib */,
			);
		};
/* End PBXProject section */

/* Begin PBXSourcesBuildPhase section */
		52B0649F1E65FD70003FEF86 /* Sources */ = {
			isa = PBXSourcesBuildPhase;
			buildActionMask = 2147483647;
			files = (
				52B064A91E65FD70003FEF86 /* support_lib.m in Sources */,
			);
			runOnlyForDeploymentPostprocessing = 0;
		};
/* End PBXSourcesBuildPhase section */

/* Begin XCBuildConfiguration section */
		52B064AA1E65FD70003FEF86 /* Debug */ = {
			isa = XCBuildConfiguration;
			buildSettings = {
				ALWAYS_SEARCH_USER_PATHS = NO;
				CLANG_ANALYZER_NONNULL = YES;
				CLANG_CXX_LANGUAGE_STANDARD = "gnu++0x";
				CLANG_CXX_LIBRARY = "libc++";
				CLANG_ENABLE_MODULES = YES;
				CLANG_ENABLE_OBJC_ARC = YES;
				CLANG_WARN_BOOL_CONVERSION = YES;
				CLANG_WARN_CONSTANT_CONVERSION = YES;
				CLANG_WARN_DIRECT_OBJC_ISA_USAGE = YES_ERROR;
				CLANG_WARN_DOCUMENTATION_COMMENTS = YES;
				CLANG_WARN_EMPTY_BODY = YES;
				CLANG_WARN_ENUM_CONVERSION = YES;
				CLANG_WARN_INFINITE_RECURSION = YES;
				CLANG_WARN_INT_CONVERSION = YES;
				CLANG_WARN_OBJC_ROOT_CLASS = YES_ERROR;
				CLANG_WARN_SUSPICIOUS_MOVE = YES;
				CLANG_WARN_UNREACHABLE_CODE = YES;
				CLANG_WARN__DUPLICATE_METHOD_MATCH = YES;
				CODE_SIGN_IDENTITY = "-";
				COPY_PHASE_STRIP = NO;
				DEBUG_INFORMATION_FORMAT = dwarf;
				ENABLE_STRICT_OBJC_MSGSEND = YES;
				ENABLE_TESTABILITY = YES;
				GCC_C_LANGUAGE_STANDARD = gnu99;
				GCC_DYNAMIC_NO_PIC = NO;
				GCC_NO_COMMON_BLOCKS = YES;
				GCC_OPTIMIZATION_LEVEL = 0;
				GCC_PREPROCESSOR_DEFINITIONS = (
					"DEBUG=1",
					"$(inherited)",
				);
				GCC_WARN_64_TO_32_BIT_CONVERSION = YES;
				GCC_WARN_ABOUT_RETURN_TYPE = YES_ERROR;
				GCC_WARN_UNDECLARED_SELECTOR = YES;
				GCC_WARN_UNINITIALIZED_AUTOS = YES_AGGRESSIVE;
				GCC_WARN_UNUSED_FUNCTION = YES;
				GCC_WARN_UNUSED_VARIABLE = YES;
				MACOSX_DEPLOYMENT_TARGET = 10.11;
				MTL_ENABLE_DEBUG_INFO = YES;
				ONLY_ACTIVE_ARCH = YES;
				SDKROOT = macosx;
			};
			name = Debug;
		};
		52B064AB1E65FD70003FEF86 /* Release */ = {
			isa = XCBuildConfiguration;
			buildSettings = {
				ALWAYS_SEARCH_USER_PATHS = NO;
				CLANG_ANALYZER_NONNULL = YES;
				CLANG_CXX_LANGUAGE_STANDARD = "gnu++0x";
				CLANG_CXX_LIBRARY = "libc++";
				CLANG_ENABLE_MODULES = YES;
				CLANG_ENABLE_OBJC_ARC = YES;
				CLANG_WARN_BOOL_CONVERSION = YES;
				CLANG_WARN_CONSTANT_CONVERSION = YES;
				CLANG_WARN_DIRECT_OBJC_ISA_USAGE = YES_ERROR;
				CLANG_WARN_DOCUMENTATION_COMMENTS = YES;
				CLANG_WARN_EMPTY_BODY = YES;
				CLANG_WARN_ENUM_CONVERSION = YES;
				CLANG_WARN_INFINITE_RECURSION = YES;
				CLANG_WARN_INT_CONVERSION = YES;
				CLANG_WARN_OBJC_ROOT_CLASS = YES_ERROR;
				CLANG_WARN_SUSPICIOUS_MOVE = YES;
				CLANG_WARN_UNREACHABLE_CODE = YES;
				CLANG_WARN__DUPLICATE_METHOD_MATCH = YES;
				CODE_SIGN_IDENTITY = "-";
				COPY_PHASE_STRIP = NO;
				DEBUG_INFORMATION_FORMAT = "dwarf-with-dsym";
				ENABLE_NS_ASSERTIONS = NO;
				ENABLE_STRICT_OBJC_MSGSEND = YES;
				GCC_C_LANGUAGE_STANDARD = gnu99;
				GCC_NO_COMMON_BLOCKS = YES;
				GCC_WARN_64_TO_32_BIT_CONVERSION = YES;
				GCC_WARN_ABOUT_RETURN_TYPE = YES_ERROR;
				GCC_WARN_UNDECLARED_SELECTOR = YES;
				GCC_WARN_UNINITIALIZED_AUTOS = YES_AGGRESSIVE;
				GCC_WARN_UNUSED_FUNCTION = YES;
				GCC_WARN_UNUSED_VARIABLE = YES;
				MACOSX_DEPLOYMENT_TARGET = 10.11;
				MTL_ENABLE_DEBUG_INFO = NO;
				SDKROOT = macosx;
			};
			name = Release;
		};
		52B064AD1E65FD70003FEF86 /* Debug */ = {
			isa = XCBuildConfiguration;
			buildSettings = {
				EXECUTABLE_PREFIX = lib;
				PRODUCT_NAME = "$(TARGET_NAME)";
			};
			name = Debug;
		};
		52B064AE1E65FD70003FEF86 /* Release */ = {
			isa = XCBuildConfiguration;
			buildSettings = {
				EXECUTABLE_PREFIX = lib;
				PRODUCT_NAME = "$(TARGET_NAME)";
			};
			name = Release;
		};
/* End XCBuildConfiguration section */

/* Begin XCConfigurationList section */
		52B0649E1E65FD70003FEF86 /* Build configuration list for PBXProject "support-lib" */ = {
			isa = XCConfigurationList;
			buildConfigurations = (
				52B064AA1E65FD70003FEF86 /* Debug */,
				52B064AB1E65FD70003FEF86 /* Release */,
			);
			defaultConfigurationIsVisible = 0;
			defaultConfigurationName = Release;
		};
		52B064AC1E65FD70003FEF86 /* Build configuration list for PBXNativeTarget "support-lib" */ = {
			isa = XCConfigurationList;
			buildConfigurations = (
				52B064AD1E65FD70003FEF86 /* Debug */,
				52B064AE1E65FD70003FEF86 /* Release */,
			);
			defaultConfigurationIsVisible = 0;
		};
/* End XCConfigurationList section */
	};
	rootObject = 52B0649B1E65FD70003FEF86 /* Project object */;
}
