// !$*UTF8*$!
{
	archiveVersion = 1;
	classes = {
	};
	objectVersion = 46;
	objects = {

/* Begin PBXBuildFile section */
		5265A3031E67392F0099D28B /* AdaptiveCard.cpp in Sources */ = {isa = PBXBuildFile; fileRef = 5265A2F01E67392F0099D28B /* AdaptiveCard.cpp */; };
		5265A3041E67392F0099D28B /* AdaptiveCard.h in Headers */ = {isa = PBXBuildFile; fileRef = 5265A2F11E67392F0099D28B /* AdaptiveCard.h */; };
		5265A3051E67392F0099D28B /* AdaptiveCardParseException.cpp in Sources */ = {isa = PBXBuildFile; fileRef = 5265A2F21E67392F0099D28B /* AdaptiveCardParseException.cpp */; };
		5265A3061E67392F0099D28B /* AdaptiveCardParseException.h in Headers */ = {isa = PBXBuildFile; fileRef = 5265A2F31E67392F0099D28B /* AdaptiveCardParseException.h */; };
		5265A3071E67392F0099D28B /* BaseCardElement.cpp in Sources */ = {isa = PBXBuildFile; fileRef = 5265A2F41E67392F0099D28B /* BaseCardElement.cpp */; };
		5265A3081E67392F0099D28B /* BaseCardElement.h in Headers */ = {isa = PBXBuildFile; fileRef = 5265A2F51E67392F0099D28B /* BaseCardElement.h */; };
		5265A3091E67392F0099D28B /* Container.cpp in Sources */ = {isa = PBXBuildFile; fileRef = 5265A2F61E67392F0099D28B /* Container.cpp */; };
		5265A30A1E67392F0099D28B /* Container.h in Headers */ = {isa = PBXBuildFile; fileRef = 5265A2F71E67392F0099D28B /* Container.h */; };
		5265A30B1E67392F0099D28B /* Enums.cpp in Sources */ = {isa = PBXBuildFile; fileRef = 5265A2F81E67392F0099D28B /* Enums.cpp */; };
		5265A30C1E67392F0099D28B /* Enums.h in Headers */ = {isa = PBXBuildFile; fileRef = 5265A2F91E67392F0099D28B /* Enums.h */; };
		5265A30D1E67392F0099D28B /* Image.cpp in Sources */ = {isa = PBXBuildFile; fileRef = 5265A2FA1E67392F0099D28B /* Image.cpp */; };
		5265A30E1E67392F0099D28B /* Image.h in Headers */ = {isa = PBXBuildFile; fileRef = 5265A2FB1E67392F0099D28B /* Image.h */; };
		5265A30F1E67392F0099D28B /* jsoncpp.cpp in Sources */ = {isa = PBXBuildFile; fileRef = 5265A2FD1E67392F0099D28B /* jsoncpp.cpp */; };
		5265A3101E67392F0099D28B /* ParseUtil.cpp in Sources */ = {isa = PBXBuildFile; fileRef = 5265A2FE1E67392F0099D28B /* ParseUtil.cpp */; };
		5265A3111E67392F0099D28B /* ParseUtil.h in Headers */ = {isa = PBXBuildFile; fileRef = 5265A2FF1E67392F0099D28B /* ParseUtil.h */; };
		5265A3121E67392F0099D28B /* pch.h in Headers */ = {isa = PBXBuildFile; fileRef = 5265A3001E67392F0099D28B /* pch.h */; };
		5265A3131E67392F0099D28B /* TextBlock.cpp in Sources */ = {isa = PBXBuildFile; fileRef = 5265A3011E67392F0099D28B /* TextBlock.cpp */; };
		5265A3141E67392F0099D28B /* TextBlock.h in Headers */ = {isa = PBXBuildFile; fileRef = 5265A3021E67392F0099D28B /* TextBlock.h */; };
/* End PBXBuildFile section */

/* Begin PBXFileReference section */
		5265A2E21E6739090099D28B /* libobjectModel.Shared.a */ = {isa = PBXFileReference; explicitFileType = archive.ar; includeInIndex = 0; path = libobjectModel.Shared.a; sourceTree = BUILT_PRODUCTS_DIR; };
		5265A2F01E67392F0099D28B /* AdaptiveCard.cpp */ = {isa = PBXFileReference; fileEncoding = 4; lastKnownFileType = sourcecode.cpp.cpp; name = AdaptiveCard.cpp; path = ../../Shared/ObjectModel/AdaptiveCard.cpp; sourceTree = "<group>"; };
		5265A2F11E67392F0099D28B /* AdaptiveCard.h */ = {isa = PBXFileReference; fileEncoding = 4; lastKnownFileType = sourcecode.c.h; name = AdaptiveCard.h; path = ../../Shared/ObjectModel/AdaptiveCard.h; sourceTree = "<group>"; };
		5265A2F21E67392F0099D28B /* AdaptiveCardParseException.cpp */ = {isa = PBXFileReference; fileEncoding = 4; lastKnownFileType = sourcecode.cpp.cpp; name = AdaptiveCardParseException.cpp; path = ../../Shared/ObjectModel/AdaptiveCardParseException.cpp; sourceTree = "<group>"; };
		5265A2F31E67392F0099D28B /* AdaptiveCardParseException.h */ = {isa = PBXFileReference; fileEncoding = 4; lastKnownFileType = sourcecode.c.h; name = AdaptiveCardParseException.h; path = ../../Shared/ObjectModel/AdaptiveCardParseException.h; sourceTree = "<group>"; };
		5265A2F41E67392F0099D28B /* BaseCardElement.cpp */ = {isa = PBXFileReference; fileEncoding = 4; lastKnownFileType = sourcecode.cpp.cpp; name = BaseCardElement.cpp; path = ../../Shared/ObjectModel/BaseCardElement.cpp; sourceTree = "<group>"; };
		5265A2F51E67392F0099D28B /* BaseCardElement.h */ = {isa = PBXFileReference; fileEncoding = 4; lastKnownFileType = sourcecode.c.h; name = BaseCardElement.h; path = ../../Shared/ObjectModel/BaseCardElement.h; sourceTree = "<group>"; };
		5265A2F61E67392F0099D28B /* Container.cpp */ = {isa = PBXFileReference; fileEncoding = 4; lastKnownFileType = sourcecode.cpp.cpp; name = Container.cpp; path = ../../Shared/ObjectModel/Container.cpp; sourceTree = "<group>"; };
		5265A2F71E67392F0099D28B /* Container.h */ = {isa = PBXFileReference; fileEncoding = 4; lastKnownFileType = sourcecode.c.h; name = Container.h; path = ../../Shared/ObjectModel/Container.h; sourceTree = "<group>"; };
		5265A2F81E67392F0099D28B /* Enums.cpp */ = {isa = PBXFileReference; fileEncoding = 4; lastKnownFileType = sourcecode.cpp.cpp; name = Enums.cpp; path = ../../Shared/ObjectModel/Enums.cpp; sourceTree = "<group>"; };
		5265A2F91E67392F0099D28B /* Enums.h */ = {isa = PBXFileReference; fileEncoding = 4; lastKnownFileType = sourcecode.c.h; name = Enums.h; path = ../../Shared/ObjectModel/Enums.h; sourceTree = "<group>"; };
		5265A2FA1E67392F0099D28B /* Image.cpp */ = {isa = PBXFileReference; fileEncoding = 4; lastKnownFileType = sourcecode.cpp.cpp; name = Image.cpp; path = ../../Shared/ObjectModel/Image.cpp; sourceTree = "<group>"; };
		5265A2FB1E67392F0099D28B /* Image.h */ = {isa = PBXFileReference; fileEncoding = 4; lastKnownFileType = sourcecode.c.h; name = Image.h; path = ../../Shared/ObjectModel/Image.h; sourceTree = "<group>"; };
		5265A2FC1E67392F0099D28B /* json */ = {isa = PBXFileReference; lastKnownFileType = folder; name = json; path = ../../Shared/ObjectModel/json; sourceTree = "<group>"; };
		5265A2FD1E67392F0099D28B /* jsoncpp.cpp */ = {isa = PBXFileReference; fileEncoding = 4; lastKnownFileType = sourcecode.cpp.cpp; name = jsoncpp.cpp; path = ../../Shared/ObjectModel/jsoncpp.cpp; sourceTree = "<group>"; };
		5265A2FE1E67392F0099D28B /* ParseUtil.cpp */ = {isa = PBXFileReference; fileEncoding = 4; lastKnownFileType = sourcecode.cpp.cpp; name = ParseUtil.cpp; path = ../../Shared/ObjectModel/ParseUtil.cpp; sourceTree = "<group>"; };
		5265A2FF1E67392F0099D28B /* ParseUtil.h */ = {isa = PBXFileReference; fileEncoding = 4; lastKnownFileType = sourcecode.c.h; name = ParseUtil.h; path = ../../Shared/ObjectModel/ParseUtil.h; sourceTree = "<group>"; };
		5265A3001E67392F0099D28B /* pch.h */ = {isa = PBXFileReference; fileEncoding = 4; lastKnownFileType = sourcecode.c.h; name = pch.h; path = ../../Shared/ObjectModel/pch.h; sourceTree = "<group>"; };
		5265A3011E67392F0099D28B /* TextBlock.cpp */ = {isa = PBXFileReference; fileEncoding = 4; lastKnownFileType = sourcecode.cpp.cpp; name = TextBlock.cpp; path = ../../Shared/ObjectModel/TextBlock.cpp; sourceTree = "<group>"; };
		5265A3021E67392F0099D28B /* TextBlock.h */ = {isa = PBXFileReference; fileEncoding = 4; lastKnownFileType = sourcecode.c.h; name = TextBlock.h; path = ../../Shared/ObjectModel/TextBlock.h; sourceTree = "<group>"; };
/* End PBXFileReference section */

/* Begin PBXFrameworksBuildPhase section */
		5265A2DF1E6739090099D28B /* Frameworks */ = {
			isa = PBXFrameworksBuildPhase;
			buildActionMask = 2147483647;
			files = (
			);
			runOnlyForDeploymentPostprocessing = 0;
		};
/* End PBXFrameworksBuildPhase section */

/* Begin PBXGroup section */
		5265A2D91E6739090099D28B = {
			isa = PBXGroup;
			children = (
				5265A2F01E67392F0099D28B /* AdaptiveCard.cpp */,
				5265A2F11E67392F0099D28B /* AdaptiveCard.h */,
				5265A2F21E67392F0099D28B /* AdaptiveCardParseException.cpp */,
				5265A2F31E67392F0099D28B /* AdaptiveCardParseException.h */,
				5265A2F41E67392F0099D28B /* BaseCardElement.cpp */,
				5265A2F51E67392F0099D28B /* BaseCardElement.h */,
				5265A2F61E67392F0099D28B /* Container.cpp */,
				5265A2F71E67392F0099D28B /* Container.h */,
				5265A2F81E67392F0099D28B /* Enums.cpp */,
				5265A2F91E67392F0099D28B /* Enums.h */,
				5265A2FA1E67392F0099D28B /* Image.cpp */,
				5265A2FB1E67392F0099D28B /* Image.h */,
				5265A2FC1E67392F0099D28B /* json */,
				5265A2FD1E67392F0099D28B /* jsoncpp.cpp */,
				5265A2FE1E67392F0099D28B /* ParseUtil.cpp */,
				5265A2FF1E67392F0099D28B /* ParseUtil.h */,
				5265A3001E67392F0099D28B /* pch.h */,
				5265A3011E67392F0099D28B /* TextBlock.cpp */,
				5265A3021E67392F0099D28B /* TextBlock.h */,
				5265A2E31E6739090099D28B /* Products */,
			);
			sourceTree = "<group>";
		};
		5265A2E31E6739090099D28B /* Products */ = {
			isa = PBXGroup;
			children = (
				5265A2E21E6739090099D28B /* libobjectModel.Shared.a */,
			);
			name = Products;
			sourceTree = "<group>";
		};
/* End PBXGroup section */

/* Begin PBXHeadersBuildPhase section */
		5265A2E01E6739090099D28B /* Headers */ = {
			isa = PBXHeadersBuildPhase;
			buildActionMask = 2147483647;
			files = (
				5265A30E1E67392F0099D28B /* Image.h in Headers */,
				5265A30A1E67392F0099D28B /* Container.h in Headers */,
				5265A3061E67392F0099D28B /* AdaptiveCardParseException.h in Headers */,
				5265A3081E67392F0099D28B /* BaseCardElement.h in Headers */,
				5265A3141E67392F0099D28B /* TextBlock.h in Headers */,
				5265A3041E67392F0099D28B /* AdaptiveCard.h in Headers */,
				5265A3111E67392F0099D28B /* ParseUtil.h in Headers */,
				5265A3121E67392F0099D28B /* pch.h in Headers */,
				5265A30C1E67392F0099D28B /* Enums.h in Headers */,
			);
			runOnlyForDeploymentPostprocessing = 0;
		};
/* End PBXHeadersBuildPhase section */

/* Begin PBXNativeTarget section */
		5265A2E11E6739090099D28B /* objectModel.Shared */ = {
			isa = PBXNativeTarget;
			buildConfigurationList = 5265A2ED1E6739090099D28B /* Build configuration list for PBXNativeTarget "objectModel.Shared" */;
			buildPhases = (
				5265A2DE1E6739090099D28B /* Sources */,
				5265A2DF1E6739090099D28B /* Frameworks */,
				5265A2E01E6739090099D28B /* Headers */,
			);
			buildRules = (
			);
			dependencies = (
			);
			name = objectModel.Shared;
			productName = objectModel.Shared;
			productReference = 5265A2E21E6739090099D28B /* libobjectModel.Shared.a */;
			productType = "com.apple.product-type.library.static";
		};
/* End PBXNativeTarget section */

/* Begin PBXProject section */
		5265A2DA1E6739090099D28B /* Project object */ = {
			isa = PBXProject;
			attributes = {
				LastUpgradeCheck = 0820;
				ORGANIZATIONNAME = Microsoft;
				TargetAttributes = {
					5265A2E11E6739090099D28B = {
						CreatedOnToolsVersion = 8.2.1;
						ProvisioningStyle = Automatic;
					};
				};
			};
			buildConfigurationList = 5265A2DD1E6739090099D28B /* Build configuration list for PBXProject "object-model.shared" */;
			compatibilityVersion = "Xcode 3.2";
			developmentRegion = English;
			hasScannedForEncodings = 0;
			knownRegions = (
				en,
			);
			mainGroup = 5265A2D91E6739090099D28B;
			productRefGroup = 5265A2E31E6739090099D28B /* Products */;
			projectDirPath = "";
			projectRoot = "";
			targets = (
				5265A2E11E6739090099D28B /* objectModel.Shared */,
			);
		};
/* End PBXProject section */

/* Begin PBXSourcesBuildPhase section */
		5265A2DE1E6739090099D28B /* Sources */ = {
			isa = PBXSourcesBuildPhase;
			buildActionMask = 2147483647;
			files = (
				5265A3031E67392F0099D28B /* AdaptiveCard.cpp in Sources */,
				5265A3091E67392F0099D28B /* Container.cpp in Sources */,
				5265A3051E67392F0099D28B /* AdaptiveCardParseException.cpp in Sources */,
				5265A30D1E67392F0099D28B /* Image.cpp in Sources */,
				5265A3071E67392F0099D28B /* BaseCardElement.cpp in Sources */,
				5265A30B1E67392F0099D28B /* Enums.cpp in Sources */,
				5265A30F1E67392F0099D28B /* jsoncpp.cpp in Sources */,
				5265A3101E67392F0099D28B /* ParseUtil.cpp in Sources */,
				5265A3131E67392F0099D28B /* TextBlock.cpp in Sources */,
			);
			runOnlyForDeploymentPostprocessing = 0;
		};
/* End PBXSourcesBuildPhase section */

/* Begin XCBuildConfiguration section */
		5265A2EB1E6739090099D28B /* Debug */ = {
			isa = XCBuildConfiguration;
			buildSettings = {
				ALWAYS_SEARCH_USER_PATHS = NO;
				CLANG_ANALYZER_NONNULL = YES;
				CLANG_CXX_LANGUAGE_STANDARD = "gnu++0x";
				CLANG_CXX_LIBRARY = "libc++";
				CLANG_ENABLE_MODULES = YES;
				CLANG_ENABLE_OBJC_ARC = YES;
				CLANG_WARN_BOOL_CONVERSION = YES;
				CLANG_WARN_CONSTANT_CONVERSION = YES;
				CLANG_WARN_DIRECT_OBJC_ISA_USAGE = YES_ERROR;
				CLANG_WARN_DOCUMENTATION_COMMENTS = YES;
				CLANG_WARN_EMPTY_BODY = YES;
				CLANG_WARN_ENUM_CONVERSION = YES;
				CLANG_WARN_INFINITE_RECURSION = YES;
				CLANG_WARN_INT_CONVERSION = YES;
				CLANG_WARN_OBJC_ROOT_CLASS = YES_ERROR;
				CLANG_WARN_SUSPICIOUS_MOVE = YES;
				CLANG_WARN_UNREACHABLE_CODE = YES;
				CLANG_WARN__DUPLICATE_METHOD_MATCH = YES;
				CODE_SIGN_IDENTITY = "-";
				COPY_PHASE_STRIP = NO;
				DEBUG_INFORMATION_FORMAT = dwarf;
				ENABLE_STRICT_OBJC_MSGSEND = YES;
				ENABLE_TESTABILITY = YES;
				GCC_C_LANGUAGE_STANDARD = gnu99;
				GCC_DYNAMIC_NO_PIC = NO;
				GCC_NO_COMMON_BLOCKS = YES;
				GCC_OPTIMIZATION_LEVEL = 0;
				GCC_PREPROCESSOR_DEFINITIONS = (
					"DEBUG=1",
					"$(inherited)",
				);
				GCC_WARN_64_TO_32_BIT_CONVERSION = YES;
				GCC_WARN_ABOUT_RETURN_TYPE = YES_ERROR;
				GCC_WARN_UNDECLARED_SELECTOR = YES;
				GCC_WARN_UNINITIALIZED_AUTOS = YES_AGGRESSIVE;
				GCC_WARN_UNUSED_FUNCTION = YES;
				GCC_WARN_UNUSED_VARIABLE = YES;
				MACOSX_DEPLOYMENT_TARGET = 10.11;
				MTL_ENABLE_DEBUG_INFO = YES;
				ONLY_ACTIVE_ARCH = YES;
				SDKROOT = macosx;
			};
			name = Debug;
		};
		5265A2EC1E6739090099D28B /* Release */ = {
			isa = XCBuildConfiguration;
			buildSettings = {
				ALWAYS_SEARCH_USER_PATHS = NO;
				CLANG_ANALYZER_NONNULL = YES;
				CLANG_CXX_LANGUAGE_STANDARD = "gnu++0x";
				CLANG_CXX_LIBRARY = "libc++";
				CLANG_ENABLE_MODULES = YES;
				CLANG_ENABLE_OBJC_ARC = YES;
				CLANG_WARN_BOOL_CONVERSION = YES;
				CLANG_WARN_CONSTANT_CONVERSION = YES;
				CLANG_WARN_DIRECT_OBJC_ISA_USAGE = YES_ERROR;
				CLANG_WARN_DOCUMENTATION_COMMENTS = YES;
				CLANG_WARN_EMPTY_BODY = YES;
				CLANG_WARN_ENUM_CONVERSION = YES;
				CLANG_WARN_INFINITE_RECURSION = YES;
				CLANG_WARN_INT_CONVERSION = YES;
				CLANG_WARN_OBJC_ROOT_CLASS = YES_ERROR;
				CLANG_WARN_SUSPICIOUS_MOVE = YES;
				CLANG_WARN_UNREACHABLE_CODE = YES;
				CLANG_WARN__DUPLICATE_METHOD_MATCH = YES;
				CODE_SIGN_IDENTITY = "-";
				COPY_PHASE_STRIP = NO;
				DEBUG_INFORMATION_FORMAT = "dwarf-with-dsym";
				ENABLE_NS_ASSERTIONS = NO;
				ENABLE_STRICT_OBJC_MSGSEND = YES;
				GCC_C_LANGUAGE_STANDARD = gnu99;
				GCC_NO_COMMON_BLOCKS = YES;
				GCC_WARN_64_TO_32_BIT_CONVERSION = YES;
				GCC_WARN_ABOUT_RETURN_TYPE = YES_ERROR;
				GCC_WARN_UNDECLARED_SELECTOR = YES;
				GCC_WARN_UNINITIALIZED_AUTOS = YES_AGGRESSIVE;
				GCC_WARN_UNUSED_FUNCTION = YES;
				GCC_WARN_UNUSED_VARIABLE = YES;
				MACOSX_DEPLOYMENT_TARGET = 10.11;
				MTL_ENABLE_DEBUG_INFO = NO;
				SDKROOT = macosx;
			};
			name = Release;
		};
		5265A2EE1E6739090099D28B /* Debug */ = {
			isa = XCBuildConfiguration;
			buildSettings = {
				EXECUTABLE_PREFIX = lib;
				GCC_ENABLE_CPP_EXCEPTIONS = YES;
				GCC_ENABLE_CPP_RTTI = YES;
				PRODUCT_NAME = "$(TARGET_NAME)";
			};
			name = Debug;
		};
		5265A2EF1E6739090099D28B /* Release */ = {
			isa = XCBuildConfiguration;
			buildSettings = {
				EXECUTABLE_PREFIX = lib;
				GCC_ENABLE_CPP_EXCEPTIONS = YES;
				GCC_ENABLE_CPP_RTTI = YES;
				PRODUCT_NAME = "$(TARGET_NAME)";
			};
			name = Release;
		};
/* End XCBuildConfiguration section */

/* Begin XCConfigurationList section */
		5265A2DD1E6739090099D28B /* Build configuration list for PBXProject "object-model.shared" */ = {
			isa = XCConfigurationList;
			buildConfigurations = (
				5265A2EB1E6739090099D28B /* Debug */,
				5265A2EC1E6739090099D28B /* Release */,
			);
			defaultConfigurationIsVisible = 0;
			defaultConfigurationName = Release;
		};
		5265A2ED1E6739090099D28B /* Build configuration list for PBXNativeTarget "objectModel.Shared" */ = {
			isa = XCConfigurationList;
			buildConfigurations = (
				5265A2EE1E6739090099D28B /* Debug */,
				5265A2EF1E6739090099D28B /* Release */,
			);
			defaultConfigurationIsVisible = 0;
			defaultConfigurationName = Release;
		};
/* End XCConfigurationList section */
	};
	rootObject = 5265A2DA1E6739090099D28B /* Project object */;
}
